// !$*UTF8*$!
{
	archiveVersion = 1;
	classes = {
	};
	objectVersion = 55;
	objects = {

/* Begin PBXBuildFile section */
		D31F131228B7906900BD8013 /* AppDelegate.swift in Sources */ = {isa = PBXBuildFile; fileRef = D31F131128B7906900BD8013 /* AppDelegate.swift */; };
		D31F131428B7906900BD8013 /* SceneDelegate.swift in Sources */ = {isa = PBXBuildFile; fileRef = D31F131328B7906900BD8013 /* SceneDelegate.swift */; };
		D31F131628B7906900BD8013 /* ViewController.swift in Sources */ = {isa = PBXBuildFile; fileRef = D31F131528B7906900BD8013 /* ViewController.swift */; };
		D31F131C28B7906900BD8013 /* Friends_List.xcdatamodeld in Sources */ = {isa = PBXBuildFile; fileRef = D31F131A28B7906900BD8013 /* Friends_List.xcdatamodeld */; };
		D31F131E28B7906C00BD8013 /* Assets.xcassets in Resources */ = {isa = PBXBuildFile; fileRef = D31F131D28B7906C00BD8013 /* Assets.xcassets */; };
		D31F132128B7906C00BD8013 /* LaunchScreen.storyboard in Resources */ = {isa = PBXBuildFile; fileRef = D31F131F28B7906C00BD8013 /* LaunchScreen.storyboard */; };
		D3230DF928B7B040007A1704 /* Person+CoreDataClass.swift in Sources */ = {isa = PBXBuildFile; fileRef = D3230DF728B7B040007A1704 /* Person+CoreDataClass.swift */; };
		D3230DFA28B7B040007A1704 /* Person+CoreDataProperties.swift in Sources */ = {isa = PBXBuildFile; fileRef = D3230DF828B7B040007A1704 /* Person+CoreDataProperties.swift */; };
/* End PBXBuildFile section */

/* Begin PBXFileReference section */
		D31F130E28B7906900BD8013 /* Friends List.app */ = {isa = PBXFileReference; explicitFileType = wrapper.application; includeInIndex = 0; path = "Friends List.app"; sourceTree = BUILT_PRODUCTS_DIR; };
		D31F131128B7906900BD8013 /* AppDelegate.swift */ = {isa = PBXFileReference; lastKnownFileType = sourcecode.swift; path = AppDelegate.swift; sourceTree = "<group>"; };
		D31F131328B7906900BD8013 /* SceneDelegate.swift */ = {isa = PBXFileReference; lastKnownFileType = sourcecode.swift; path = SceneDelegate.swift; sourceTree = "<group>"; };
		D31F131528B7906900BD8013 /* ViewController.swift */ = {isa = PBXFileReference; lastKnownFileType = sourcecode.swift; path = ViewController.swift; sourceTree = "<group>"; };
		D31F131B28B7906900BD8013 /* Friends_List.xcdatamodel */ = {isa = PBXFileReference; lastKnownFileType = wrapper.xcdatamodel; path = Friends_List.xcdatamodel; sourceTree = "<group>"; };
		D31F131D28B7906C00BD8013 /* Assets.xcassets */ = {isa = PBXFileReference; lastKnownFileType = folder.assetcatalog; path = Assets.xcassets; sourceTree = "<group>"; };
		D31F132028B7906C00BD8013 /* Base */ = {isa = PBXFileReference; lastKnownFileType = file.storyboard; name = Base; path = Base.lproj/LaunchScreen.storyboard; sourceTree = "<group>"; };
		D31F132228B7906C00BD8013 /* Info.plist */ = {isa = PBXFileReference; lastKnownFileType = text.plist.xml; path = Info.plist; sourceTree = "<group>"; };
		D3230DF728B7B040007A1704 /* Person+CoreDataClass.swift */ = {isa = PBXFileReference; lastKnownFileType = sourcecode.swift; path = "Person+CoreDataClass.swift"; sourceTree = "<group>"; };
		D3230DF828B7B040007A1704 /* Person+CoreDataProperties.swift */ = {isa = PBXFileReference; lastKnownFileType = sourcecode.swift; path = "Person+CoreDataProperties.swift"; sourceTree = "<group>"; };
/* End PBXFileReference section */

/* Begin PBXFrameworksBuildPhase section */
		D31F130B28B7906900BD8013 /* Frameworks */ = {
			isa = PBXFrameworksBuildPhase;
			buildActionMask = 2147483647;
			files = (
			);
			runOnlyForDeploymentPostprocessing = 0;
		};
/* End PBXFrameworksBuildPhase section */

/* Begin PBXGroup section */
		D31F130528B7906900BD8013 = {
			isa = PBXGroup;
			children = (
				D31F131028B7906900BD8013 /* Friends List */,
				D31F130F28B7906900BD8013 /* Products */,
			);
			sourceTree = "<group>";
		};
		D31F130F28B7906900BD8013 /* Products */ = {
			isa = PBXGroup;
			children = (
				D31F130E28B7906900BD8013 /* Friends List.app */,
			);
			name = Products;
			sourceTree = "<group>";
		};
		D31F131028B7906900BD8013 /* Friends List */ = {
			isa = PBXGroup;
			children = (
				D31F132C28B7924F00BD8013 /* Model Core Data */,
				D31F131128B7906900BD8013 /* AppDelegate.swift */,
				D31F131328B7906900BD8013 /* SceneDelegate.swift */,
				D31F131528B7906900BD8013 /* ViewController.swift */,
				D31F131D28B7906C00BD8013 /* Assets.xcassets */,
				D31F131F28B7906C00BD8013 /* LaunchScreen.storyboard */,
				D31F132228B7906C00BD8013 /* Info.plist */,
				D31F131A28B7906900BD8013 /* Friends_List.xcdatamodeld */,
			);
			path = "Friends List";
			sourceTree = "<group>";
		};
		D31F132C28B7924F00BD8013 /* Model Core Data */ = {
			isa = PBXGroup;
			children = (
				D3230DF728B7B040007A1704 /* Person+CoreDataClass.swift */,
				D3230DF828B7B040007A1704 /* Person+CoreDataProperties.swift */,
			);
			path = "Model Core Data";
			sourceTree = "<group>";
		};
/* End PBXGroup section */

/* Begin PBXNativeTarget section */
		D31F130D28B7906900BD8013 /* Friends List */ = {
			isa = PBXNativeTarget;
			buildConfigurationList = D31F132528B7906C00BD8013 /* Build configuration list for PBXNativeTarget "Friends List" */;
			buildPhases = (
				D31F130A28B7906900BD8013 /* Sources */,
				D31F130B28B7906900BD8013 /* Frameworks */,
				D31F130C28B7906900BD8013 /* Resources */,
			);
			buildRules = (
			);
			dependencies = (
			);
			name = "Friends List";
			productName = "Friends List";
			productReference = D31F130E28B7906900BD8013 /* Friends List.app */;
			productType = "com.apple.product-type.application";
		};
/* End PBXNativeTarget section */

/* Begin PBXProject section */
		D31F130628B7906900BD8013 /* Project object */ = {
			isa = PBXProject;
			attributes = {
				BuildIndependentTargetsInParallel = 1;
				LastSwiftUpdateCheck = 1340;
				LastUpgradeCheck = 1340;
				TargetAttributes = {
					D31F130D28B7906900BD8013 = {
						CreatedOnToolsVersion = 13.4.1;
					};
				};
			};
			buildConfigurationList = D31F130928B7906900BD8013 /* Build configuration list for PBXProject "Friends List" */;
			compatibilityVersion = "Xcode 13.0";
			developmentRegion = en;
			hasScannedForEncodings = 0;
			knownRegions = (
				en,
				Base,
			);
			mainGroup = D31F130528B7906900BD8013;
			productRefGroup = D31F130F28B7906900BD8013 /* Products */;
			projectDirPath = "";
			projectRoot = "";
			targets = (
				D31F130D28B7906900BD8013 /* Friends List */,
			);
		};
/* End PBXProject section */

/* Begin PBXResourcesBuildPhase section */
		D31F130C28B7906900BD8013 /* Resources */ = {
			isa = PBXResourcesBuildPhase;
			buildActionMask = 2147483647;
			files = (
				D31F132128B7906C00BD8013 /* LaunchScreen.storyboard in Resources */,
				D31F131E28B7906C00BD8013 /* Assets.xcassets in Resources */,
			);
			runOnlyForDeploymentPostprocessing = 0;
		};
/* End PBXResourcesBuildPhase section */

/* Begin PBXSourcesBuildPhase section */
		D31F130A28B7906900BD8013 /* Sources */ = {
			isa = PBXSourcesBuildPhase;
			buildActionMask = 2147483647;
			files = (
				D31F131628B7906900BD8013 /* ViewController.swift in Sources */,
				D31F131228B7906900BD8013 /* AppDelegate.swift in Sources */,
				D3230DFA28B7B040007A1704 /* Person+CoreDataProperties.swift in Sources */,
				D3230DF928B7B040007A1704 /* Person+CoreDataClass.swift in Sources */,
				D31F131428B7906900BD8013 /* SceneDelegate.swift in Sources */,
				D31F131C28B7906900BD8013 /* Friends_List.xcdatamodeld in Sources */,
			);
			runOnlyForDeploymentPostprocessing = 0;
		};
/* End PBXSourcesBuildPhase section */

/* Begin PBXVariantGroup section */
		D31F131F28B7906C00BD8013 /* LaunchScreen.storyboard */ = {
			isa = PBXVariantGroup;
			children = (
				D31F132028B7906C00BD8013 /* Base */,
			);
			name = LaunchScreen.storyboard;
			sourceTree = "<group>";
		};
/* End PBXVariantGroup section */

/* Begin XCBuildConfiguration section */
		D31F132328B7906C00BD8013 /* Debug */ = {
			isa = XCBuildConfiguration;
			buildSettings = {
				ALWAYS_SEARCH_USER_PATHS = NO;
				CLANG_ANALYZER_NONNULL = YES;
				CLANG_ANALYZER_NUMBER_OBJECT_CONVERSION = YES_AGGRESSIVE;
				CLANG_CXX_LANGUAGE_STANDARD = "gnu++17";
				CLANG_ENABLE_MODULES = YES;
				CLANG_ENABLE_OBJC_ARC = YES;
				CLANG_ENABLE_OBJC_WEAK = YES;
				CLANG_WARN_BLOCK_CAPTURE_AUTORELEASING = YES;
				CLANG_WARN_BOOL_CONVERSION = YES;
				CLANG_WARN_COMMA = YES;
				CLANG_WARN_CONSTANT_CONVERSION = YES;
				CLANG_WARN_DEPRECATED_OBJC_IMPLEMENTATIONS = YES;
				CLANG_WARN_DIRECT_OBJC_ISA_USAGE = YES_ERROR;
				CLANG_WARN_DOCUMENTATION_COMMENTS = YES;
				CLANG_WARN_EMPTY_BODY = YES;
				CLANG_WARN_ENUM_CONVERSION = YES;
				CLANG_WARN_INFINITE_RECURSION = YES;
				CLANG_WARN_INT_CONVERSION = YES;
				CLANG_WARN_NON_LITERAL_NULL_CONVERSION = YES;
				CLANG_WARN_OBJC_IMPLICIT_RETAIN_SELF = YES;
				CLANG_WARN_OBJC_LITERAL_CONVERSION = YES;
				CLANG_WARN_OBJC_ROOT_CLASS = YES_ERROR;
				CLANG_WARN_QUOTED_INCLUDE_IN_FRAMEWORK_HEADER = YES;
				CLANG_WARN_RANGE_LOOP_ANALYSIS = YES;
				CLANG_WARN_STRICT_PROTOTYPES = YES;
				CLANG_WARN_SUSPICIOUS_MOVE = YES;
				CLANG_WARN_UNGUARDED_AVAILABILITY = YES_AGGRESSIVE;
				CLANG_WARN_UNREACHABLE_CODE = YES;
				CLANG_WARN__DUPLICATE_METHOD_MATCH = YES;
				COPY_PHASE_STRIP = NO;
				DEBUG_INFORMATION_FORMAT = dwarf;
				ENABLE_STRICT_OBJC_MSGSEND = YES;
				ENABLE_TESTABILITY = YES;
				GCC_C_LANGUAGE_STANDARD = gnu11;
				GCC_DYNAMIC_NO_PIC = NO;
				GCC_NO_COMMON_BLOCKS = YES;
				GCC_OPTIMIZATION_LEVEL = 0;
				GCC_PREPROCESSOR_DEFINITIONS = (
					"DEBUG=1",
					"$(inherited)",
				);
				GCC_WARN_64_TO_32_BIT_CONVERSION = YES;
				GCC_WARN_ABOUT_RETURN_TYPE = YES_ERROR;
				GCC_WARN_UNDECLARED_SELECTOR = YES;
				GCC_WARN_UNINITIALIZED_AUTOS = YES_AGGRESSIVE;
				GCC_WARN_UNUSED_FUNCTION = YES;
				GCC_WARN_UNUSED_VARIABLE = YES;
				IPHONEOS_DEPLOYMENT_TARGET = 15.5;
				MTL_ENABLE_DEBUG_INFO = INCLUDE_SOURCE;
				MTL_FAST_MATH = YES;
				ONLY_ACTIVE_ARCH = YES;
				SDKROOT = iphoneos;
				SWIFT_ACTIVE_COMPILATION_CONDITIONS = DEBUG;
				SWIFT_OPTIMIZATION_LEVEL = "-Onone";
			};
			name = Debug;
		};
		D31F132428B7906C00BD8013 /* Release */ = {
			isa = XCBuildConfiguration;
			buildSettings = {
				ALWAYS_SEARCH_USER_PATHS = NO;
				CLANG_ANALYZER_NONNULL = YES;
				CLANG_ANALYZER_NUMBER_OBJECT_CONVERSION = YES_AGGRESSIVE;
				CLANG_CXX_LANGUAGE_STANDARD = "gnu++17";
				CLANG_ENABLE_MODULES = YES;
				CLANG_ENABLE_OBJC_ARC = YES;
				CLANG_ENABLE_OBJC_WEAK = YES;
				CLANG_WARN_BLOCK_CAPTURE_AUTORELEASING = YES;
				CLANG_WARN_BOOL_CONVERSION = YES;
				CLANG_WARN_COMMA = YES;
				CLANG_WARN_CONSTANT_CONVERSION = YES;
				CLANG_WARN_DEPRECATED_OBJC_IMPLEMENTATIONS = YES;
				CLANG_WARN_DIRECT_OBJC_ISA_USAGE = YES_ERROR;
				CLANG_WARN_DOCUMENTATION_COMMENTS = YES;
				CLANG_WARN_EMPTY_BODY = YES;
				CLANG_WARN_ENUM_CONVERSION = YES;
				CLANG_WARN_INFINITE_RECURSION = YES;
				CLANG_WARN_INT_CONVERSION = YES;
				CLANG_WARN_NON_LITERAL_NULL_CONVERSION = YES;
				CLANG_WARN_OBJC_IMPLICIT_RETAIN_SELF = YES;
				CLANG_WARN_OBJC_LITERAL_CONVERSION = YES;
				CLANG_WARN_OBJC_ROOT_CLASS = YES_ERROR;
				CLANG_WARN_QUOTED_INCLUDE_IN_FRAMEWORK_HEADER = YES;
				CLANG_WARN_RANGE_LOOP_ANALYSIS = YES;
				CLANG_WARN_STRICT_PROTOTYPES = YES;
				CLANG_WARN_SUSPICIOUS_MOVE = YES;
				CLANG_WARN_UNGUARDED_AVAILABILITY = YES_AGGRESSIVE;
				CLANG_WARN_UNREACHABLE_CODE = YES;
				CLANG_WARN__DUPLICATE_METHOD_MATCH = YES;
				COPY_PHASE_STRIP = NO;
				DEBUG_INFORMATION_FORMAT = "dwarf-with-dsym";
				ENABLE_NS_ASSERTIONS = NO;
				ENABLE_STRICT_OBJC_MSGSEND = YES;
				GCC_C_LANGUAGE_STANDARD = gnu11;
				GCC_NO_COMMON_BLOCKS = YES;
				GCC_WARN_64_TO_32_BIT_CONVERSION = YES;
				GCC_WARN_ABOUT_RETURN_TYPE = YES_ERROR;
				GCC_WARN_UNDECLARED_SELECTOR = YES;
				GCC_WARN_UNINITIALIZED_AUTOS = YES_AGGRESSIVE;
				GCC_WARN_UNUSED_FUNCTION = YES;
				GCC_WARN_UNUSED_VARIABLE = YES;
				IPHONEOS_DEPLOYMENT_TARGET = 15.5;
				MTL_ENABLE_DEBUG_INFO = NO;
				MTL_FAST_MATH = YES;
				SDKROOT = iphoneos;
				SWIFT_COMPILATION_MODE = wholemodule;
				SWIFT_OPTIMIZATION_LEVEL = "-O";
				VALIDATE_PRODUCT = YES;
			};
			name = Release;
		};
		D31F132628B7906C00BD8013 /* Debug */ = {
			isa = XCBuildConfiguration;
			buildSettings = {
				ASSETCATALOG_COMPILER_APPICON_NAME = AppIcon;
				ASSETCATALOG_COMPILER_GLOBAL_ACCENT_COLOR_NAME = AccentColor;
				CODE_SIGN_STYLE = Automatic;
				CURRENT_PROJECT_VERSION = 1;
				DEVELOPMENT_TEAM = 95S4N2TWZ7;
				GENERATE_INFOPLIST_FILE = YES;
				INFOPLIST_FILE = "Friends List/Info.plist";
				INFOPLIST_KEY_UIApplicationSupportsIndirectInputEvents = YES;
				INFOPLIST_KEY_UILaunchStoryboardName = LaunchScreen;
				INFOPLIST_KEY_UISupportedInterfaceOrientations_iPad = "UIInterfaceOrientationPortrait UIInterfaceOrientationPortraitUpsideDown UIInterfaceOrientationLandscapeLeft UIInterfaceOrientationLandscapeRight";
				INFOPLIST_KEY_UISupportedInterfaceOrientations_iPhone = "UIInterfaceOrientationPortrait UIInterfaceOrientationLandscapeLeft UIInterfaceOrientationLandscapeRight";
				LD_RUNPATH_SEARCH_PATHS = (
					"$(inherited)",
					"@executable_path/Frameworks",
				);
				MARKETING_VERSION = 1.0;
				PRODUCT_BUNDLE_IDENTIFIER = "com.abylay.Friends-List";
				PRODUCT_NAME = "$(TARGET_NAME)";
				SWIFT_EMIT_LOC_STRINGS = YES;
				SWIFT_VERSION = 5.0;
				TARGETED_DEVICE_FAMILY = "1,2";
			};
			name = Debug;
		};
		D31F132728B7906C00BD8013 /* Release */ = {
			isa = XCBuildConfiguration;
			buildSettings = {
				ASSETCATALOG_COMPILER_APPICON_NAME = AppIcon;
				ASSETCATALOG_COMPILER_GLOBAL_ACCENT_COLOR_NAME = AccentColor;
				CODE_SIGN_STYLE = Automatic;
				CURRENT_PROJECT_VERSION = 1;
				DEVELOPMENT_TEAM = 95S4N2TWZ7;
				GENERATE_INFOPLIST_FILE = YES;
				INFOPLIST_FILE = "Friends List/Info.plist";
				INFOPLIST_KEY_UIApplicationSupportsIndirectInputEvents = YES;
				INFOPLIST_KEY_UILaunchStoryboardName = LaunchScreen;
				INFOPLIST_KEY_UISupportedInterfaceOrientations_iPad = "UIInterfaceOrientationPortrait UIInterfaceOrientationPortraitUpsideDown UIInterfaceOrientationLandscapeLeft UIInterfaceOrientationLandscapeRight";
				INFOPLIST_KEY_UISupportedInterfaceOrientations_iPhone = "UIInterfaceOrientationPortrait UIInterfaceOrientationLandscapeLeft UIInterfaceOrientationLandscapeRight";
				LD_RUNPATH_SEARCH_PATHS = (
					"$(inherited)",
					"@executable_path/Frameworks",
				);
				MARKETING_VERSION = 1.0;
				PRODUCT_BUNDLE_IDENTIFIER = "com.abylay.Friends-List";
				PRODUCT_NAME = "$(TARGET_NAME)";
				SWIFT_EMIT_LOC_STRINGS = YES;
				SWIFT_VERSION = 5.0;
				TARGETED_DEVICE_FAMILY = "1,2";
			};
			name = Release;
		};
/* End XCBuildConfiguration section */

/* Begin XCConfigurationList section */
		D31F130928B7906900BD8013 /* Build configuration list for PBXProject "Friends List" */ = {
			isa = XCConfigurationList;
			buildConfigurations = (
				D31F132328B7906C00BD8013 /* Debug */,
				D31F132428B7906C00BD8013 /* Release */,
			);
			defaultConfigurationIsVisible = 0;
			defaultConfigurationName = Release;
		};
		D31F132528B7906C00BD8013 /* Build configuration list for PBXNativeTarget "Friends List" */ = {
			isa = XCConfigurationList;
			buildConfigurations = (
				D31F132628B7906C00BD8013 /* Debug */,
				D31F132728B7906C00BD8013 /* Release */,
			);
			defaultConfigurationIsVisible = 0;
			defaultConfigurationName = Release;
		};
/* End XCConfigurationList section */

/* Begin XCVersionGroup section */
		D31F131A28B7906900BD8013 /* Friends_List.xcdatamodeld */ = {
			isa = XCVersionGroup;
			children = (
				D31F131B28B7906900BD8013 /* Friends_List.xcdatamodel */,
			);
			currentVersion = D31F131B28B7906900BD8013 /* Friends_List.xcdatamodel */;
			path = Friends_List.xcdatamodeld;
			sourceTree = "<group>";
			versionGroupType = wrapper.xcdatamodel;
		};
/* End XCVersionGroup section */
	};
	rootObject = D31F130628B7906900BD8013 /* Project object */;
}
